
Microsoft Visual Studio Solution File, Format Version 12.00
# Visual Studio Version 17
VisualStudioVersion = 17.1.32328.378
MinimumVisualStudioVersion = 10.0.40219.1
Project("{9A19103F-16F7-4668-BE54-9A1E7A4F7556}") = "MyUplink-smartconnect", "myUplink\MyUplink-smartconnect.csproj", "{FED38D4C-D413-430D-B921-8ADB058FD55A}"
EndProject
Project("{2150E333-8FDC-42A3-9474-1A3956D46DE8}") = "Solution Items", "Solution Items", "{D77A98C5-F336-4C71-9A80-010FB4C8E951}"
	ProjectSection(SolutionItems) = preProject
		build_xElectricityPriceApi.cmd = build_xElectricityPriceApi.cmd
		Dockerfile = Dockerfile
		DockerfileElPriceApi = DockerfileElPriceApi
		readme-docker.md = readme-docker.md
		README.md = README.md
	EndProjectSection
EndProject
Project("{9A19103F-16F7-4668-BE54-9A1E7A4F7556}") = "DetermenisticRandom", "DetermenisticRandom\DetermenisticRandom.csproj", "{3A16EF97-CD5C-4E78-9EC9-01A4DD93419E}"
EndProject
Project("{9A19103F-16F7-4668-BE54-9A1E7A4F7556}") = "xElectricityPriceApiShared", "xElectricityPriceApiShared\xElectricityPriceApiShared.csproj", "{1C4EE747-C1EC-45DC-8C6D-2FAE08C2635F}"
EndProject
Project("{9A19103F-16F7-4668-BE54-9A1E7A4F7556}") = "xElectricityPriceApi", "xElectricityPriceApi\xElectricityPriceApi.csproj", "{F184C2AE-D66D-4297-A0DD-B6FFCFF45719}"
EndProject
Global
	GlobalSection(SolutionConfigurationPlatforms) = preSolution
		Debug|Any CPU = Debug|Any CPU
		Release|Any CPU = Release|Any CPU
	EndGlobalSection
	GlobalSection(ProjectConfigurationPlatforms) = postSolution
		{FED38D4C-D413-430D-B921-8ADB058FD55A}.Debug|Any CPU.ActiveCfg = Debug|Any CPU
		{FED38D4C-D413-430D-B921-8ADB058FD55A}.Debug|Any CPU.Build.0 = Debug|Any CPU
		{FED38D4C-D413-430D-B921-8ADB058FD55A}.Release|Any CPU.ActiveCfg = Release|Any CPU
		{FED38D4C-D413-430D-B921-8ADB058FD55A}.Release|Any CPU.Build.0 = Release|Any CPU
		{3A16EF97-CD5C-4E78-9EC9-01A4DD93419E}.Debug|Any CPU.ActiveCfg = Debug|Any CPU
		{3A16EF97-CD5C-4E78-9EC9-01A4DD93419E}.Debug|Any CPU.Build.0 = Debug|Any CPU
		{3A16EF97-CD5C-4E78-9EC9-01A4DD93419E}.Release|Any CPU.ActiveCfg = Release|Any CPU
		{3A16EF97-CD5C-4E78-9EC9-01A4DD93419E}.Release|Any CPU.Build.0 = Release|Any CPU
		{1C4EE747-C1EC-45DC-8C6D-2FAE08C2635F}.Debug|Any CPU.ActiveCfg = Debug|Any CPU
		{1C4EE747-C1EC-45DC-8C6D-2FAE08C2635F}.Debug|Any CPU.Build.0 = Debug|Any CPU
		{1C4EE747-C1EC-45DC-8C6D-2FAE08C2635F}.Release|Any CPU.ActiveCfg = Release|Any CPU
		{1C4EE747-C1EC-45DC-8C6D-2FAE08C2635F}.Release|Any CPU.Build.0 = Release|Any CPU
		{F184C2AE-D66D-4297-A0DD-B6FFCFF45719}.Debug|Any CPU.ActiveCfg = Debug|Any CPU
		{F184C2AE-D66D-4297-A0DD-B6FFCFF45719}.Debug|Any CPU.Build.0 = Debug|Any CPU
		{F184C2AE-D66D-4297-A0DD-B6FFCFF45719}.Release|Any CPU.ActiveCfg = Release|Any CPU
		{F184C2AE-D66D-4297-A0DD-B6FFCFF45719}.Release|Any CPU.Build.0 = Release|Any CPU
	EndGlobalSection
	GlobalSection(SolutionProperties) = preSolution
		HideSolutionNode = FALSE
	EndGlobalSection
	GlobalSection(ExtensibilityGlobals) = postSolution
		SolutionGuid = {AE8002E3-9F76-4F98-8487-78ED48F8248A}
	EndGlobalSection
EndGlobal
